{
  "name": "slack-plugin",
  "version": "1.0.0",
  "lockfileVersion": 1,
  "requires": true,
  "dependencies": {
    "chatito": {
      "version": "2.0.0",
      "resolved": "https://registry.npmjs.org/chatito/-/chatito-2.0.0.tgz",
      "integrity": "sha512-3v0z6CpclscVAxs4EojdXK8vTamQAr7s4g/93QuTf9bhoCC86sUARrojr7KaKzacgz+8rGW1XCgoUSa890/Y0w==",
      "requires": {
        "minimist": "^1.2.0"
      }
    },
    "minimist": {
      "version": "1.2.0",
      "resolved": "https://registry.npmjs.org/minimist/-/minimist-1.2.0.tgz",
      "integrity": "sha1-o1AIsg9BOD7sH7kU9M1d95omQoQ="
    }
  }
}
